
Microsoft Visual Studio Solution File, Format Version 12.00
# Visual Studio 15
VisualStudioVersion = 15.0.28307.271
MinimumVisualStudioVersion = 10.0.40219.1
Project("{FAE04EC0-301F-11D3-BF4B-00C04F79EFBC}") = "BMI_Calculator", "BMI_Calculator\BMI_Calculator.csproj", "{32EBD4EB-7D65-48F1-81B1-C5FD1B9061B5}"
EndProject
Global
	GlobalSection(SolutionConfigurationPlatforms) = preSolution
		Debug|Any CPU = Debug|Any CPU
		Release|Any CPU = Release|Any CPU
	EndGlobalSection
	GlobalSection(ProjectConfigurationPlatforms) = postSolution
		{32EBD4EB-7D65-48F1-81B1-C5FD1B9061B5}.Debug|Any CPU.ActiveCfg = Debug|Any CPU
		{32EBD4EB-7D65-48F1-81B1-C5FD1B9061B5}.Debug|Any CPU.Build.0 = Debug|Any CPU
		{32EBD4EB-7D65-48F1-81B1-C5FD1B9061B5}.Release|Any CPU.ActiveCfg = Release|Any CPU
		{32EBD4EB-7D65-48F1-81B1-C5FD1B9061B5}.Release|Any CPU.Build.0 = Release|Any CPU
	EndGlobalSection
	GlobalSection(SolutionProperties) = preSolution
		HideSolutionNode = FALSE
	EndGlobalSection
	GlobalSection(ExtensibilityGlobals) = postSolution
		SolutionGuid = {4E31F68D-B954-41F4-9CBE-467ACAB44AA7}
	EndGlobalSection
EndGlobal
